<?xml version="1.0" encoding="utf-8"?>
<Project ToolsVersion="4.0" xmlns="http://schemas.microsoft.com/developer/msbuild/2003">
  <ItemGroup>
    <Filter Include="Source Files">
      <UniqueIdentifier>{4FC737F1-C7A5-4376-A066-2A32D752A2FF}</UniqueIdentifier>
      <Extensions>cpp;c;cc;cxx;def;odl;idl;hpj;bat;asm;asmx</Extensions>
    </Filter>
    <Filter Include="Header Files">
      <UniqueIdentifier>{93995380-89BD-4b04-88EB-625FBE52EBFB}</UniqueIdentifier>
      <Extensions>h;hh;hpp;hxx;hm;inl;inc;xsd</Extensions>
    </Filter>
    <Filter Include="Resource Files">
      <UniqueIdentifier>{67DA6AB6-F800-4c08-8B7A-83BB121AAD01}</UniqueIdentifier>
      <Extensions>rc;ico;cur;bmp;dlg;rc2;rct;bin;rgs;gif;jpg;jpeg;jpe;resx;tiff;tif;png;wav;mfcribbon-ms</Extensions>
    </Filter>
    <Filter Include="core">
      <UniqueIdentifier>{ebfd77da-c19b-4df5-a3b4-125d1d2ba72d}</UniqueIdentifier>
    </Filter>
    <Filter Include="container">
      <UniqueIdentifier>{ce9a994d-5b8d-457d-9200-120d400350f4}</UniqueIdentifier>
    </Filter>
    <Filter Include="raster">
      <UniqueIdentifier>{4af1ed5f-f2fd-43d8-946d-c5ff434de73a}</UniqueIdentifier>
    </Filter>
    <Filter Include="math">
      <UniqueIdentifier>{9bd0e143-6322-40a6-8a9a-0169c6344b5f}</UniqueIdentifier>
    </Filter>
    <Filter Include="runtime">
      <UniqueIdentifier>{238a39fb-d947-415e-980b-c1ef977cee58}</UniqueIdentifier>
    </Filter>
  </ItemGroup>
  <ItemGroup>
    <ClInclude Include="cho_ascii_display.h">
      <Filter>Header Files</Filter>
    </ClInclude>
    <ClInclude Include="cho_auto_handler.h">
      <Filter>Header Files</Filter>
    </ClInclude>
    <ClInclude Include="cho_display.h">
      <Filter>Header Files</Filter>
    </ClInclude>
    <ClInclude Include="cho_eval.h">
      <Filter>Header Files</Filter>
    </ClInclude>
    <ClInclude Include="cho_frameinfo.h">
      <Filter>Header Files</Filter>
    </ClInclude>
    <ClInclude Include="cho_input.h">
      <Filter>Header Files</Filter>
    </ClInclude>
    <ClInclude Include="cho_ptr.h">
      <Filter>Header Files</Filter>
    </ClInclude>
    <ClInclude Include="cho_size.h">
      <Filter>Header Files</Filter>
    </ClInclude>
    <ClInclude Include="cho_sync.h">
      <Filter>Header Files</Filter>
    </ClInclude>
    <ClInclude Include="cho_timer.h">
      <Filter>Header Files</Filter>
    </ClInclude>
    <ClInclude Include="cho_error.h">
      <Filter>core</Filter>
    </ClInclude>
    <ClInclude Include="cho_log.h">
      <Filter>core</Filter>
    </ClInclude>
    <ClInclude Include="cho_memory.h">
      <Filter>core</Filter>
    </ClInclude>
    <ClInclude Include="cho_platform.h">
      <Filter>core</Filter>
    </ClInclude>
    <ClInclude Include="cho_typeint.h">
      <Filter>core</Filter>
    </ClInclude>
    <ClInclude Include="cho_array.h">
      <Filter>container</Filter>
    </ClInclude>
    <ClInclude Include="cho_array_view.h">
      <Filter>container</Filter>
    </ClInclude>
    <ClInclude Include="cho_grid_view.h">
      <Filter>container</Filter>
    </ClInclude>
    <ClInclude Include="cho_coord.h">
      <Filter>math</Filter>
    </ClInclude>
    <ClInclude Include="cho_math.h">
      <Filter>math</Filter>
    </ClInclude>
    <ClInclude Include="cho_app_impl.h">
      <Filter>runtime</Filter>
    </ClInclude>
    <ClInclude Include="cho_runtime.h">
      <Filter>runtime</Filter>
    </ClInclude>
    <ClInclude Include="cho_ascii_color.h">
      <Filter>raster</Filter>
    </ClInclude>
    <ClInclude Include="cho_ascii_target.h">
      <Filter>raster</Filter>
    </ClInclude>
    <ClInclude Include="cho_bitmap_target.h">
      <Filter>raster</Filter>
    </ClInclude>
    <ClInclude Include="cho_color.h">
      <Filter>raster</Filter>
    </ClInclude>
  </ItemGroup>
  <ItemGroup>
    <ClCompile Include="cho_log.cpp">
      <Filter>core</Filter>
    </ClCompile>
    <ClCompile Include="cho_ascii_target.cpp">
      <Filter>raster</Filter>
    </ClCompile>
    <ClCompile Include="cho_ascii_display.cpp">
      <Filter>Source Files</Filter>
    </ClCompile>
    <ClCompile Include="cho_timer.cpp">
      <Filter>Source Files</Filter>
    </ClCompile>
  </ItemGroup>
</Project>